
Microsoft Visual Studio Solution File, Format Version 12.00
# Visual Studio Version 16
VisualStudioVersion = 16.0.30413.136
MinimumVisualStudioVersion = 10.0.40219.1
Project("{9A19103F-16F7-4668-BE54-9A1E7A4F7556}") = "PL", "PL\PL.csproj", "{9A7FE448-D9CD-4F3C-A195-03D549D61338}"
EndProject
Project("{9A19103F-16F7-4668-BE54-9A1E7A4F7556}") = "Domain", "Domain\Domain.csproj", "{E3F639C3-4BFF-4D80-A009-22C20580EF16}"
EndProject
Project("{9A19103F-16F7-4668-BE54-9A1E7A4F7556}") = "Data", "Data\Data.csproj", "{D3D2498D-ED3E-491E-AC90-198F2AFCB035}"
EndProject
Project("{9A19103F-16F7-4668-BE54-9A1E7A4F7556}") = "Tests", "Tests\Tests.csproj", "{C5753CAA-F7D8-43AC-B2D5-2EAFB1A231E4}"
EndProject
Global
	GlobalSection(SolutionConfigurationPlatforms) = preSolution
		Debug|Any CPU = Debug|Any CPU
		Release|Any CPU = Release|Any CPU
	EndGlobalSection
	GlobalSection(ProjectConfigurationPlatforms) = postSolution
		{9A7FE448-D9CD-4F3C-A195-03D549D61338}.Debug|Any CPU.ActiveCfg = Debug|Any CPU
		{9A7FE448-D9CD-4F3C-A195-03D549D61338}.Debug|Any CPU.Build.0 = Debug|Any CPU
		{9A7FE448-D9CD-4F3C-A195-03D549D61338}.Release|Any CPU.ActiveCfg = Release|Any CPU
		{9A7FE448-D9CD-4F3C-A195-03D549D61338}.Release|Any CPU.Build.0 = Release|Any CPU
		{E3F639C3-4BFF-4D80-A009-22C20580EF16}.Debug|Any CPU.ActiveCfg = Debug|Any CPU
		{E3F639C3-4BFF-4D80-A009-22C20580EF16}.Debug|Any CPU.Build.0 = Debug|Any CPU
		{E3F639C3-4BFF-4D80-A009-22C20580EF16}.Release|Any CPU.ActiveCfg = Release|Any CPU
		{E3F639C3-4BFF-4D80-A009-22C20580EF16}.Release|Any CPU.Build.0 = Release|Any CPU
		{D3D2498D-ED3E-491E-AC90-198F2AFCB035}.Debug|Any CPU.ActiveCfg = Debug|Any CPU
		{D3D2498D-ED3E-491E-AC90-198F2AFCB035}.Debug|Any CPU.Build.0 = Debug|Any CPU
		{D3D2498D-ED3E-491E-AC90-198F2AFCB035}.Release|Any CPU.ActiveCfg = Release|Any CPU
		{D3D2498D-ED3E-491E-AC90-198F2AFCB035}.Release|Any CPU.Build.0 = Release|Any CPU
		{C5753CAA-F7D8-43AC-B2D5-2EAFB1A231E4}.Debug|Any CPU.ActiveCfg = Debug|Any CPU
		{C5753CAA-F7D8-43AC-B2D5-2EAFB1A231E4}.Debug|Any CPU.Build.0 = Debug|Any CPU
		{C5753CAA-F7D8-43AC-B2D5-2EAFB1A231E4}.Release|Any CPU.ActiveCfg = Release|Any CPU
		{C5753CAA-F7D8-43AC-B2D5-2EAFB1A231E4}.Release|Any CPU.Build.0 = Release|Any CPU
	EndGlobalSection
	GlobalSection(SolutionProperties) = preSolution
		HideSolutionNode = FALSE
	EndGlobalSection
	GlobalSection(ExtensibilityGlobals) = postSolution
		SolutionGuid = {AB664BD4-8D40-4C40-9C7B-3A960172AAEA}
	EndGlobalSection
EndGlobal
